<Solution>
  <Configurations>
    <BuildType Name="Release" />
  </Configurations>
  <Project Path="NewLimbsNeedsTraining/NewLimbsNeedsTraining.csproj" />
  <Folder Name="/.github/">
    <File Path="../.github/copilot-instructions.md" />
  </Folder>
  <Folder Name="/XML/Languages/English/Keyed/">
    <File Path="../Languages/English/Keyed/SettingsData.xml" />
  </Folder>
  <Folder Name="/XML/About/">
    <File Path="../About/about.xml" />
  </Folder>
</Solution>